
Microsoft Visual Studio Solution File, Format Version 12.00
# Visual Studio Version 16
VisualStudioVersion = 16.0.29519.87
MinimumVisualStudioVersion = 10.0.40219.1
Project("{FAE04EC0-301F-11D3-BF4B-00C04F79EFBC}") = "VarianteBacInfo-1.0", "VarianteBacInfo-1.0.csproj", "{8BD9B15E-3BEA-434B-927F-CC1E6BFD0F84}"
EndProject
Global
	GlobalSection(SolutionConfigurationPlatforms) = preSolution
		Debug|Any CPU = Debug|Any CPU
		Release|Any CPU = Release|Any CPU
	EndGlobalSection
	GlobalSection(ProjectConfigurationPlatforms) = postSolution
		{8BD9B15E-3BEA-434B-927F-CC1E6BFD0F84}.Debug|Any CPU.ActiveCfg = Debug|Any CPU
		{8BD9B15E-3BEA-434B-927F-CC1E6BFD0F84}.Debug|Any CPU.Build.0 = Debug|Any CPU
		{8BD9B15E-3BEA-434B-927F-CC1E6BFD0F84}.Release|Any CPU.ActiveCfg = Release|Any CPU
		{8BD9B15E-3BEA-434B-927F-CC1E6BFD0F84}.Release|Any CPU.Build.0 = Release|Any CPU
	EndGlobalSection
	GlobalSection(SolutionProperties) = preSolution
		HideSolutionNode = FALSE
	EndGlobalSection
	GlobalSection(ExtensibilityGlobals) = postSolution
		SolutionGuid = {63325AEF-EB54-4A0B-AF85-FD49A83476FF}
	EndGlobalSection
EndGlobal
