
Microsoft Visual Studio Solution File, Format Version 12.00
# Visual Studio Version 16
VisualStudioVersion = 16.0.29519.87
MinimumVisualStudioVersion = 10.0.40219.1
Project("{FAE04EC0-301F-11D3-BF4B-00C04F79EFBC}") = "PtcApi", "PtcApi.csproj", "{D98ABAB7-2B7C-40F7-9722-59A0062C6DC1}"
EndProject
Global
	GlobalSection(SolutionConfigurationPlatforms) = preSolution
		Debug|Any CPU = Debug|Any CPU
		Release|Any CPU = Release|Any CPU
	EndGlobalSection
	GlobalSection(ProjectConfigurationPlatforms) = postSolution
		{D98ABAB7-2B7C-40F7-9722-59A0062C6DC1}.Debug|Any CPU.ActiveCfg = Debug|Any CPU
		{D98ABAB7-2B7C-40F7-9722-59A0062C6DC1}.Debug|Any CPU.Build.0 = Debug|Any CPU
		{D98ABAB7-2B7C-40F7-9722-59A0062C6DC1}.Release|Any CPU.ActiveCfg = Release|Any CPU
		{D98ABAB7-2B7C-40F7-9722-59A0062C6DC1}.Release|Any CPU.Build.0 = Release|Any CPU
	EndGlobalSection
	GlobalSection(SolutionProperties) = preSolution
		HideSolutionNode = FALSE
	EndGlobalSection
	GlobalSection(ExtensibilityGlobals) = postSolution
		SolutionGuid = {84E517A0-7247-41FF-AC36-972FDE1E27B2}
	EndGlobalSection
EndGlobal
